
Microsoft Visual Studio Solution File, Format Version 12.00
# Visual Studio Version 16
VisualStudioVersion = 16.0.29905.134
MinimumVisualStudioVersion = 10.0.40219.1
Project("{FAE04EC0-301F-11D3-BF4B-00C04F79EFBC}") = "Server", "Server\Server.csproj", "{9636B77E-4D6A-4F06-A6A0-39C2D732EAC8}"
EndProject
Global
	GlobalSection(SolutionConfigurationPlatforms) = preSolution
		Debug|Any CPU = Debug|Any CPU
		Release|Any CPU = Release|Any CPU
	EndGlobalSection
	GlobalSection(ProjectConfigurationPlatforms) = postSolution
		{9636B77E-4D6A-4F06-A6A0-39C2D732EAC8}.Debug|Any CPU.ActiveCfg = Debug|Any CPU
		{9636B77E-4D6A-4F06-A6A0-39C2D732EAC8}.Debug|Any CPU.Build.0 = Debug|Any CPU
		{9636B77E-4D6A-4F06-A6A0-39C2D732EAC8}.Release|Any CPU.ActiveCfg = Release|Any CPU
		{9636B77E-4D6A-4F06-A6A0-39C2D732EAC8}.Release|Any CPU.Build.0 = Release|Any CPU
	EndGlobalSection
	GlobalSection(SolutionProperties) = preSolution
		HideSolutionNode = FALSE
	EndGlobalSection
	GlobalSection(ExtensibilityGlobals) = postSolution
		SolutionGuid = {DE30DA27-4E1B-474A-84F0-820991DB1DA6}
	EndGlobalSection
EndGlobal
